{
	"name": "portfolio-website",
	"lockfileVersion": 3,
	"requires": true,
	"packages": {
		"": {
			"name": "portfolio-website",
			"license": "MIT",
			"dependencies": {
				"@emailjs/browser": "^5.0.2",
				"fuse.js": "^7.5.0",
				"marked": "^18.1.0",
				"prismjs": "^1.30.0"
			},
			"devDependencies": {
				"@biomejs/biome": "^2.5.15",
				"@fontsource/raleway": "^5.3.0",
				"@playwright/test": "^1.64.0",
				"gofront": "^1.6.0",
				"jsdom": "^30.1.2",
				"lefthook": "^2.2.1",
				"rolldown": "^1.2.13",
				"yaml": "^2.9.1"
			},
			"engines": {
				"node": ">=24.0.0",
				"npm": ">=11.0.0"
			}
		},
		"node_modules/@asamuzakjp/css-color": {
			"version": "7.1.4",
			"resolved": "https://registry.npmjs.org/@asamuzakjp/css-color/-/css-color-7.1.4.tgz",
			"integrity": "sha512-KdNhWlAh2sbYB8Of0Yw84/a+LO/vsBOHJcIg8BpyXo2RGrFWVJvEMRviMON+ysQu0KpV7wxrWrq9jaX0P21GzA==",
			"dev": true,
			"license": "MIT",
			"dependencies": {
				"@csstools/css-calc": "^3.4.3",
				"@csstools/css-color-parser": "^4.2.6",
				"@csstools/css-parser-algorithms": "^4.0.2",
				"@csstools/css-tokenizer": "^4.0.2",
				"lru-cache": "^11.5.3"
			},
			"engines": {
				"node": "^22.22.2 || ^24.15.0 || >=26.0.0"
			}
		},
		"node_modules/@asamuzakjp/dom-selector": {
			"version": "9.2.4",
			"resolved": "https://registry.npmjs.org/@asamuzakjp/dom-selector/-/dom-selector-9.2.4.tgz",
			"integrity": "sha512-YnVzxDxLaqL0t7Q4wfcgHZjg55Wm6y5EaO7Bhu3q9J7wq/8iw3PhsnWiOQhYekx4VexnbkgWpTT6n+QIV7kczw==",
			"dev": true,
			"license": "MIT",
			"dependencies": {
				"bidi-js": "^1.1.0",
				"css-tree": "^3.2.1",
				"is-potential-custom-element-name": "^1.0.1",
				"lru-cache": "^11.5.3"
			},
			"engines": {
				"node": "^22.22.2 || ^24.15.0 || >=26.0.0"
			}
		},
		"node_modules/@biomejs/biome": {
			"version": "2.5.15",
			"resolved": "https://registry.npmjs.org/@biomejs/biome/-/biome-2.5.15.tgz",
			"integrity": "sha512-WZTW4slm/pdkh92K6t/3aEN++44JD1PQ7squ7RCMLI1flHGl43DVOIGXvCjHiZgBMO1V4uYxoFNtqrIA4qGuIQ==",
			"dev": true,
			"license": "MIT OR Apache-2.0",
			"bin": {
				"biome": "bin/biome"
			},
			"engines": {
				"node": ">=14.21.3"
			},
			"funding": {
				"type": "opencollective",
				"url": "https://opencollective.com/biome"
			},
			"optionalDependencies": {
				"@biomejs/cli-darwin-arm64": "2.5.15",
				"@biomejs/cli-darwin-x64": "2.5.15",
				"@biomejs/cli-linux-arm64": "2.5.15",
				"@biomejs/cli-linux-arm64-musl": "2.5.15",
				"@biomejs/cli-linux-x64": "2.5.15",
				"@biomejs/cli-linux-x64-musl": "2.5.15",
				"@biomejs/cli-win32-arm64": "2.5.15",
				"@biomejs/cli-win32-x64": "2.5.15"
			}
		},
		"node_modules/@biomejs/cli-darwin-arm64": {
			"version": "2.5.15",
			"resolved": "https://registry.npmjs.org/@biomejs/cli-darwin-arm64/-/cli-darwin-arm64-2.5.15.tgz",
			"integrity": "sha512-BZVzFhJ/mUvTLMYbc9x6el0o2Uv5zP7bACYyhFb6fSc1giroXm7PL0a5KqMJ9F+/BnkYRjagD/ROSDVOZ6eapg==",
			"cpu": [
				"arm64"
			],
			"dev": true,
			"license": "MIT OR Apache-2.0",
			"optional": true,
			"os": [
				"darwin"
			],
			"engines": {
				"node": ">=14.21.3"
			}
		},
		"node_modules/@biomejs/cli-darwin-x64": {
			"version": "2.5.15",
			"resolved": "https://registry.npmjs.org/@biomejs/cli-darwin-x64/-/cli-darwin-x64-2.5.15.tgz",
			"integrity": "sha512-V5Kw63V+fVGNFhFrizDxMbGXAzZCh8kYzJpy3GI6gTapWDg7bZK9oYC9CbVgQSEdTnupz0U5Efz8Ev+5vdBBXw==",
			"cpu": [
				"x64"
			],
			"dev": true,
			"license": "MIT OR Apache-2.0",
			"optional": true,
			"os": [
				"darwin"
			],
			"engines": {
				"node": ">=14.21.3"
			}
		},
		"node_modules/@biomejs/cli-linux-arm64": {
			"version": "2.5.15",
			"resolved": "https://registry.npmjs.org/@biomejs/cli-linux-arm64/-/cli-linux-arm64-2.5.15.tgz",
			"integrity": "sha512-XaG7P7eeSLYETD3K9grfB0mQmpLQZjygdbsxekWBJAg4am79fGAtRpfRyNnTvXB2fZFNnJZG3nXm7HBat0+VUw==",
			"cpu": [
				"arm64"
			],
			"dev": true,
			"libc": [
				"glibc"
			],
			"license": "MIT OR Apache-2.0",
			"optional": true,
			"os": [
				"linux"
			],
			"engines": {
				"node": ">=14.21.3"
			}
		},
		"node_modules/@biomejs/cli-linux-arm64-musl": {
			"version": "2.5.15",
			"resolved": "https://registry.npmjs.org/@biomejs/cli-linux-arm64-musl/-/cli-linux-arm64-musl-2.5.15.tgz",
			"integrity": "sha512-tGzZUTcJCV7tj5Adh/Gn6nR4MycqA3iohq2LEcrarAgRBkU0h0OKd2UzCRkOsOYOuUGaUJb4YmqRqyy2feGGSw==",
			"cpu": [
				"arm64"
			],
			"dev": true,
			"libc": [
				"musl"
			],
			"license": "MIT OR Apache-2.0",
			"optional": true,
			"os": [
				"linux"
			],
			"engines": {
				"node": ">=14.21.3"
			}
		},
		"node_modules/@biomejs/cli-linux-x64": {
			"version": "2.5.15",
			"resolved": "https://registry.npmjs.org/@biomejs/cli-linux-x64/-/cli-linux-x64-2.5.15.tgz",
			"integrity": "sha512-xE4iEW/3LqlYj9GFgGrFsFSH51dEEpUbYWBfeOv0q87WkUDxK2o/HhreSb7qMJqck70RVM6Lg96hgedcAYcOkA==",
			"cpu": [
				"x64"
			],
			"dev": true,
			"libc": [
				"glibc"
			],
			"license": "MIT OR Apache-2.0",
			"optional": true,
			"os": [
				"linux"
			],
			"engines": {
				"node": ">=14.21.3"
			}
		},
		"node_modules/@biomejs/cli-linux-x64-musl": {
			"version": "2.5.15",
			"resolved": "https://registry.npmjs.org/@biomejs/cli-linux-x64-musl/-/cli-linux-x64-musl-2.5.15.tgz",
			"integrity": "sha512-IlxUcyxilVGPsE008x13pWdkTbU3nQpP2i9b5UrbOYj6goBkKsRX1XB7yJLcV+O1H9LBchIIm4adOaVLZBX0ZQ==",
			"cpu": [
				"x64"
			],
			"dev": true,
			"libc": [
				"musl"
			],
			"license": "MIT OR Apache-2.0",
			"optional": true,
			"os": [
				"linux"
			],
			"engines": {
				"node": ">=14.21.3"
			}
		},
		"node_modules/@biomejs/cli-win32-arm64": {
			"version": "2.5.15",
			"resolved": "https://registry.npmjs.org/@biomejs/cli-win32-arm64/-/cli-win32-arm64-2.5.15.tgz",
			"integrity": "sha512-2kPKzhNlm8C+Ru3GcO0Me2ODkCBLrVOUNuyi84RJyWDVKAA4+Kjj3jMjL938lF6BRfvltC4vB2nPY9SvN51Ovg==",
			"cpu": [
				"arm64"
			],
			"dev": true,
			"license": "MIT OR Apache-2.0",
			"optional": true,
			"os": [
				"win32"
			],
			"engines": {
				"node": ">=14.21.3"
			}
		},
		"node_modules/@biomejs/cli-win32-x64": {
			"version": "2.5.15",
			"resolved": "https://registry.npmjs.org/@biomejs/cli-win32-x64/-/cli-win32-x64-2.5.15.tgz",
			"integrity": "sha512-yAzh4UqEImV6Hcy0zjUqNfJAsUhoD64FBQCdTG8Md/Z2wQeVP/ZmJ3XRYAs1g8J9fjTFyl2fCtc5FB5til47+g==",
			"cpu": [
				"x64"
			],
			"dev": true,
			"license": "MIT OR Apache-2.0",
			"optional": true,
			"os": [
				"win32"
			],
			"engines": {
				"node": ">=14.21.3"
			}
		},
		"node_modules/@bramus/specificity": {
			"version": "2.4.3",
			"resolved": "https://registry.npmjs.org/@bramus/specificity/-/specificity-2.4.3.tgz",
			"integrity": "sha512-0GEz8qJWokkUVYQYRukmkSHIFNoBH8QTreeHrAFbvz1XFYc3Y+puhMs8PQ5x8GNugiC2l5jvDBXKLbBIByeSBw==",
			"dev": true,
			"license": "MIT",
			"dependencies": {
				"css-tree": "^3.2.1"
			},
			"bin": {
				"specificity": "bin/cli.js"
			}
		},
		"node_modules/@csstools/color-helpers": {
			"version": "6.1.2",
			"resolved": "https://registry.npmjs.org/@csstools/color-helpers/-/color-helpers-6.1.2.tgz",
			"integrity": "sha512-grhRy3OKmniaAEKXMjua5z/EODX0MSqBGjunw8+j/3HQjOnahs2AGhvEOIYVUWcU6ScApbhLhVrQTX8XqrMrow==",
			"dev": true,
			"funding": [
				{
					"type": "github",
					"url": "https://github.com/sponsors/csstools"
				},
				{
					"type": "opencollective",
					"url": "https://opencollective.com/csstools"
				}
			],
			"license": "MIT-0",
			"engines": {
				"node": ">=20.19.0"
			}
		},
		"node_modules/@csstools/css-calc": {
			"version": "3.4.3",
			"resolved": "https://registry.npmjs.org/@csstools/css-calc/-/css-calc-3.4.3.tgz",
			"integrity": "sha512-iex20d8CHVkyvg6B7UKV7uHnI2Bqo9g+EFfT9E0y+GvTvhZ/DwONJ+9aKb1dlqm0ZiGsL5RXjp0fCoJYnkeDjA==",
			"dev": true,
			"funding": [
				{
					"type": "github",
					"url": "https://github.com/sponsors/csstools"
				},
				{
					"type": "opencollective",
					"url": "https://opencollective.com/csstools"
				}
			],
			"license": "MIT",
			"engines": {
				"node": ">=20.19.0"
			},
			"peerDependencies": {
				"@csstools/css-parser-algorithms": "^4.0.2",
				"@csstools/css-tokenizer": "^4.0.2"
			}
		},
		"node_modules/@csstools/css-color-parser": {
			"version": "4.2.6",
			"resolved": "https://registry.npmjs.org/@csstools/css-color-parser/-/css-color-parser-4.2.6.tgz",
			"integrity": "sha512-iiPQ3iRWwnJkeEn6RIu6SJPr7hYrLz6XZ9s/QZl+2/LI5KQVjpl2fdmDSZKuD4xP6GMmMPgHFFXg6k1Wkz0Trg==",
			"dev": true,
			"funding": [
				{
					"type": "github",
					"url": "https://github.com/sponsors/csstools"
				},
				{
					"type": "opencollective",
					"url": "https://opencollective.com/csstools"
				}
			],
			"license": "MIT",
			"dependencies": {
				"@csstools/color-helpers": "^6.1.2",
				"@csstools/css-calc": "^3.4.3"
			},
			"engines": {
				"node": ">=20.19.0"
			},
			"peerDependencies": {
				"@csstools/css-parser-algorithms": "^4.0.2",
				"@csstools/css-tokenizer": "^4.0.2"
			}
		},
		"node_modules/@csstools/css-parser-algorithms": {
			"version": "4.0.2",
			"resolved": "https://registry.npmjs.org/@csstools/css-parser-algorithms/-/css-parser-algorithms-4.0.2.tgz",
			"integrity": "sha512-40cSKyMvK+tq4qz6Awrlye2WGuOKt3FwPgtGg6KTfbHOWNw+Rk1rzbAtZnZ6IBhsY491HLRnDXwoyBAijmmILA==",
			"dev": true,
			"funding": [
				{
					"type": "github",
					"url": "https://github.com/sponsors/csstools"
				},
				{
					"type": "opencollective",
					"url": "https://opencollective.com/csstools"
				}
			],
			"license": "MIT",
			"engines": {
				"node": ">=20.19.0"
			},
			"peerDependencies": {
				"@csstools/css-tokenizer": "^4.0.2"
			}
		},
		"node_modules/@csstools/css-syntax-patches-for-csstree": {
			"version": "1.1.15",
			"resolved": "https://registry.npmjs.org/@csstools/css-syntax-patches-for-csstree/-/css-syntax-patches-for-csstree-1.1.15.tgz",
			"integrity": "sha512-J0u7HkVl2nzSlhsiTOp4AmwcUQ3D+mGEEKfBy/7To5/y7F2OHwyLrXfrhR0SMgr4p5Lo+eaMVSeai24zUcBIxA==",
			"dev": true,
			"funding": [
				{
					"type": "github",
					"url": "https://github.com/sponsors/csstools"
				},
				{
					"type": "opencollective",
					"url": "https://opencollective.com/csstools"
				}
			],
			"license": "MIT-0",
			"peerDependencies": {
				"css-tree": "^3.2.1"
			},
			"peerDependenciesMeta": {
				"css-tree": {
					"optional": true
				}
			}
		},
		"node_modules/@csstools/css-tokenizer": {
			"version": "4.0.2",
			"resolved": "https://registry.npmjs.org/@csstools/css-tokenizer/-/css-tokenizer-4.0.2.tgz",
			"integrity": "sha512-OoKoR0f76dCY666JlcbhmVTs2drYj1GUXZTYTcbUgJjh9Nv41aFfZ21bPQTERm5+L5cBDo466NltB2lplS5GBw==",
			"dev": true,
			"funding": [
				{
					"type": "github",
					"url": "https://github.com/sponsors/csstools"
				},
				{
					"type": "opencollective",
					"url": "https://opencollective.com/csstools"
				}
			],
			"license": "MIT",
			"engines": {
				"node": ">=20.19.0"
			}
		},
		"node_modules/@emailjs/browser": {
			"version": "5.0.2",
			"resolved": "https://registry.npmjs.org/@emailjs/browser/-/browser-5.0.2.tgz",
			"integrity": "sha512-yhfjhO6q6843CXUxZcJ5iw+HLtLvNbdt0wx/cJ6upREmD/biKoB7hAAO1HnYqhSH7owIUgwIbZOxSOblZyN3cQ==",
			"license": "BSD-3-Clause",
			"engines": {
				"node": ">=14.0.0"
			}
		},
		"node_modules/@exodus/bytes": {
			"version": "1.16.0",
			"resolved": "https://registry.npmjs.org/@exodus/bytes/-/bytes-1.16.0.tgz",
			"integrity": "sha512-IcpW84uEn3N7ETtNZMlxKhfl6Pec8rUNGOTBtWbK1FKhJxIFAptZyVrvVRVBimAJxJCgc3PxepxkdWWG4DVzfA==",
			"dev": true,
			"license": "MIT",
			"engines": {
				"node": "^20.19.0 || ^22.12.0 || >=24.0.0"
			},
			"peerDependencies": {
				"@noble/hashes": "^1.8.0 || ^2.0.0"
			},
			"peerDependenciesMeta": {
				"@noble/hashes": {
					"optional": true
				}
			}
		},
		"node_modules/@fontsource/raleway": {
			"version": "5.3.0",
			"resolved": "https://registry.npmjs.org/@fontsource/raleway/-/raleway-5.3.0.tgz",
			"integrity": "sha512-BTWr1I14Ji0DWpS/KCIq/CXcvxXWgMO73gynWpbYv7A5wlPhLevozgRmdPJvZmUf0fhH+Lju+F4nigJ6Ums24A==",
			"dev": true,
			"license": "OFL-1.1",
			"funding": {
				"url": "https://github.com/sponsors/ayuhito"
			}
		},
		"node_modules/@oxc-project/types": {
			"version": "0.153.0",
			"resolved": "https://registry.npmjs.org/@oxc-project/types/-/types-0.153.0.tgz",
			"integrity": "sha512-jSNrRIyvPVLL5E1z/tS5zLAprosGz/FuI1PWwEOz59j3E4TTTzSpqKb/RDGqJhhW0QHYISGXxq582wGx6T11Tw==",
			"dev": true,
			"license": "MIT",
			"funding": {
				"url": "https://github.com/sponsors/oxc-project"
			}
		},
		"node_modules/@playwright/test": {
			"version": "1.64.0",
			"resolved": "https://registry.npmjs.org/@playwright/test/-/test-1.64.0.tgz",
			"integrity": "sha512-oTN9FNYuN6bqQMwiho6jJKLCG2/QOYCixGXuCjRmzOq23eODeukuY2XiAVoVpAECbuezMt1MHQjAiQxK8F+Y+g==",
			"dev": true,
			"license": "Apache-2.0",
			"dependencies": {
				"playwright": "1.64.0"
			},
			"bin": {
				"playwright": "cli.js"
			},
			"engines": {
				"node": ">=20"
			}
		},
		"node_modules/@rolldown/binding-android-arm-eabi": {
			"version": "1.2.13",
			"resolved": "https://registry.npmjs.org/@rolldown/binding-android-arm-eabi/-/binding-android-arm-eabi-1.2.13.tgz",
			"integrity": "sha512-Vu/NICrgdRvUOeaJZIyB2FP63s6fO/4ud5l8dXmxDx9yDyn+mN0y+gsvsVviSli+T361Aqo0h46EuMoobrwawA==",
			"cpu": [
				"arm"
			],
			"dev": true,
			"license": "MIT",
			"optional": true,
			"os": [
				"android"
			],
			"engines": {
				"node": "^20.19.0 || >=22.12.0"
			}
		},
		"node_modules/@rolldown/binding-android-arm64": {
			"version": "1.2.13",
			"resolved": "https://registry.npmjs.org/@rolldown/binding-android-arm64/-/binding-android-arm64-1.2.13.tgz",
			"integrity": "sha512-6LEoIrGy5vvCd2boNnv2soPSUZj/PRvhp8R/t9KlX+mIZxThIE/ZqxrGXxmuNX0FuvQFvLdZr7S4HrYpYBVhEQ==",
			"cpu": [
				"arm64"
			],
			"dev": true,
			"license": "MIT",
			"optional": true,
			"os": [
				"android"
			],
			"engines": {
				"node": "^20.19.0 || >=22.12.0"
			}
		},
		"node_modules/@rolldown/binding-darwin-arm64": {
			"version": "1.2.13",
			"resolved": "https://registry.npmjs.org/@rolldown/binding-darwin-arm64/-/binding-darwin-arm64-1.2.13.tgz",
			"integrity": "sha512-CaJSRzlQ6Q+zkDMVA9OkVxBjVoPRCDEE3v0FSJ9kIQBgRjFApA3Si4ijhbNVUji7ZJt+PfO0e46qy4nPInHUPA==",
			"cpu": [
				"arm64"
			],
			"dev": true,
			"license": "MIT",
			"optional": true,
			"os": [
				"darwin"
			],
			"engines": {
				"node": "^20.19.0 || >=22.12.0"
			}
		},
		"node_modules/@rolldown/binding-darwin-x64": {
			"version": "1.2.13",
			"resolved": "https://registry.npmjs.org/@rolldown/binding-darwin-x64/-/binding-darwin-x64-1.2.13.tgz",
			"integrity": "sha512-e4r340I5hxSzJkD3YJBxgzq/rJ3wwxwdLLb2FPt1Zpyem20nrQPT11DDEEkazwxaHumH8wpglsp/Ozgj/wT6mw==",
			"cpu": [
				"x64"
			],
			"dev": true,
			"license": "MIT",
			"optional": true,
			"os": [
				"darwin"
			],
			"engines": {
				"node": "^20.19.0 || >=22.12.0"
			}
		},
		"node_modules/@rolldown/binding-freebsd-x64": {
			"version": "1.2.13",
			"resolved": "https://registry.npmjs.org/@rolldown/binding-freebsd-x64/-/binding-freebsd-x64-1.2.13.tgz",
			"integrity": "sha512-hoBWDZ4/K/mJKVMbsgUd1jfpA2DiOrJ54mpegObU9TBHBBrtX4FLIXJJQRDPZ/2Dn91GvPob+Z2hwKJzf4E5SQ==",
			"cpu": [
				"x64"
			],
			"dev": true,
			"license": "MIT",
			"optional": true,
			"os": [
				"freebsd"
			],
			"engines": {
				"node": "^20.19.0 || >=22.12.0"
			}
		},
		"node_modules/@rolldown/binding-linux-arm-gnueabihf": {
			"version": "1.2.13",
			"resolved": "https://registry.npmjs.org/@rolldown/binding-linux-arm-gnueabihf/-/binding-linux-arm-gnueabihf-1.2.13.tgz",
			"integrity": "sha512-oF9fZu3vTWnTiVAkDFxU9PJLt1nh20K9RRpuHsR7ZnE2L7XookBbDBVLojCVSLGbvtSlxeUNnjAj6DbNsKyzbg==",
			"cpu": [
				"arm"
			],
			"dev": true,
			"license": "MIT",
			"optional": true,
			"os": [
				"linux"
			],
			"engines": {
				"node": "^20.19.0 || >=22.12.0"
			}
		},
		"node_modules/@rolldown/binding-linux-arm64-gnu": {
			"version": "1.2.13",
			"resolved": "https://registry.npmjs.org/@rolldown/binding-linux-arm64-gnu/-/binding-linux-arm64-gnu-1.2.13.tgz",
			"integrity": "sha512-DTpb/+jMiqWMPgphn4ksW1zW+XLJ6dJJ9FMvnIk9I291LhCctMPhMYJrP5t9p6C9qa3KXadDdUEZHBaPh3kNxQ==",
			"cpu": [
				"arm64"
			],
			"dev": true,
			"libc": [
				"glibc"
			],
			"license": "MIT",
			"optional": true,
			"os": [
				"linux"
			],
			"engines": {
				"node": "^20.19.0 || >=22.12.0"
			}
		},
		"node_modules/@rolldown/binding-linux-arm64-musl": {
			"version": "1.2.13",
			"resolved": "https://registry.npmjs.org/@rolldown/binding-linux-arm64-musl/-/binding-linux-arm64-musl-1.2.13.tgz",
			"integrity": "sha512-xU+Kvv9N2A3SY35zFh1FWWNjxbadE/BKeqnkXe7vScU4GZsw757BlVmDLITZEq8DPpk6m7uoDYkK7P+x/uU5Ow==",
			"cpu": [
				"arm64"
			],
			"dev": true,
			"libc": [
				"musl"
			],
			"license": "MIT",
			"optional": true,
			"os": [
				"linux"
			],
			"engines": {
				"node": "^20.19.0 || >=22.12.0"
			}
		},
		"node_modules/@rolldown/binding-linux-ppc64-gnu": {
			"version": "1.2.13",
			"resolved": "https://registry.npmjs.org/@rolldown/binding-linux-ppc64-gnu/-/binding-linux-ppc64-gnu-1.2.13.tgz",
			"integrity": "sha512-XMk/hnhh25oQ756Lclb1Q11h4ll0xC0Esa5w4Vzp+mAE2S3AGJgeM0SonrIgY8fHhjarb6hcoTuwoFG0VVP2ig==",
			"cpu": [
				"ppc64"
			],
			"dev": true,
			"libc": [
				"glibc"
			],
			"license": "MIT",
			"optional": true,
			"os": [
				"linux"
			],
			"engines": {
				"node": "^20.19.0 || >=22.12.0"
			}
		},
		"node_modules/@rolldown/binding-linux-s390x-gnu": {
			"version": "1.2.13",
			"resolved": "https://registry.npmjs.org/@rolldown/binding-linux-s390x-gnu/-/binding-linux-s390x-gnu-1.2.13.tgz",
			"integrity": "sha512-U1BoTHYmlywE2n3HUWjzZ+8EQsKr+OwpxYuDWaubx42tUL8QSL7nOqRz/NVHanibbFP3M1Rxuprz/wNcbMKjqw==",
			"cpu": [
				"s390x"
			],
			"dev": true,
			"libc": [
				"glibc"
			],
			"license": "MIT",
			"optional": true,
			"os": [
				"linux"
			],
			"engines": {
				"node": "^20.19.0 || >=22.12.0"
			}
		},
		"node_modules/@rolldown/binding-linux-x64-gnu": {
			"version": "1.2.13",
			"resolved": "https://registry.npmjs.org/@rolldown/binding-linux-x64-gnu/-/binding-linux-x64-gnu-1.2.13.tgz",
			"integrity": "sha512-J4cm80Pc6wEwV5AZ42o62sIQgDk+Y7R2s646jIwuvO+4V46QB58N4vVuMPWCBaNgursXLpmUWJV//WQAkPvHBQ==",
			"cpu": [
				"x64"
			],
			"dev": true,
			"libc": [
				"glibc"
			],
			"license": "MIT",
			"optional": true,
			"os": [
				"linux"
			],
			"engines": {
				"node": "^20.19.0 || >=22.12.0"
			}
		},
		"node_modules/@rolldown/binding-linux-x64-musl": {
			"version": "1.2.13",
			"resolved": "https://registry.npmjs.org/@rolldown/binding-linux-x64-musl/-/binding-linux-x64-musl-1.2.13.tgz",
			"integrity": "sha512-W0euZS40U4V6JkmEnVCIX9mcsL6cbXQ4X8c2w+MMOIjFg68TXUW+u3RT+2e1t1pv9mg/EP3pDtK3POXdQ7Rxyw==",
			"cpu": [
				"x64"
			],
			"dev": true,
			"libc": [
				"musl"
			],
			"license": "MIT",
			"optional": true,
			"os": [
				"linux"
			],
			"engines": {
				"node": "^20.19.0 || >=22.12.0"
			}
		},
		"node_modules/@rolldown/binding-openharmony-arm64": {
			"version": "1.2.13",
			"resolved": "https://registry.npmjs.org/@rolldown/binding-openharmony-arm64/-/binding-openharmony-arm64-1.2.13.tgz",
			"integrity": "sha512-do/AF/4n9MRshia3a5aXoy8xM2c6mgfT6D7H/dY6my5z+hfCIR4ab7mk4IRj++nsEQpKy39kd0DQnDq+r692tw==",
			"cpu": [
				"arm64"
			],
			"dev": true,
			"license": "MIT",
			"optional": true,
			"os": [
				"openharmony"
			],
			"engines": {
				"node": "^20.19.0 || >=22.12.0"
			}
		},
		"node_modules/@rolldown/binding-win32-arm64-msvc": {
			"version": "1.2.13",
			"resolved": "https://registry.npmjs.org/@rolldown/binding-win32-arm64-msvc/-/binding-win32-arm64-msvc-1.2.13.tgz",
			"integrity": "sha512-6FtUf2cJZobutJdxnGYX8z0vtbgqU0b2v8vfBhkXb9wp2MppMFtkunE+IaOntyi01rkIQoPW2GHABtfzsC0BRQ==",
			"cpu": [
				"arm64"
			],
			"dev": true,
			"license": "MIT",
			"optional": true,
			"os": [
				"win32"
			],
			"engines": {
				"node": "^20.19.0 || >=22.12.0"
			}
		},
		"node_modules/@rolldown/binding-win32-x64-msvc": {
			"version": "1.2.13",
			"resolved": "https://registry.npmjs.org/@rolldown/binding-win32-x64-msvc/-/binding-win32-x64-msvc-1.2.13.tgz",
			"integrity": "sha512-UKhFaZTeTcbKrb3iU82m17jVcPEAoqDkCN5MBqgPyZSwp/cQmib21crTS0DdH7T1B7wZRWEI89YQAOJMet5yhg==",
			"cpu": [
				"x64"
			],
			"dev": true,
			"license": "MIT",
			"optional": true,
			"os": [
				"win32"
			],
			"engines": {
				"node": "^20.19.0 || >=22.12.0"
			}
		},
		"node_modules/@rolldown/pluginutils": {
			"version": "1.0.1",
			"resolved": "https://registry.npmjs.org/@rolldown/pluginutils/-/pluginutils-1.0.1.tgz",
			"integrity": "sha512-2j9bGt5Jh8hj+vPtgzPtl72j0yRxHAyumoo6TNfAjsLB04UtpSvPbPcDcBMxz7n+9CYB0c1GxQFxYRg2jimqGw==",
			"dev": true,
			"license": "MIT"
		},
		"node_modules/bidi-js": {
			"version": "1.1.0",
			"resolved": "https://registry.npmjs.org/bidi-js/-/bidi-js-1.1.0.tgz",
			"integrity": "sha512-fX1Onk0tdVPC7obPWB5EbJ1z7NVhLq4m2xZLq2YXBkxzMXIGRpNMU88n0EPgWseKl12J7zXs7qrDxPK4sRs2fg==",
			"dev": true,
			"license": "MIT",
			"dependencies": {
				"require-from-string": "^2.0.2"
			}
		},
		"node_modules/binaryen": {
			"version": "132.0.0",
			"resolved": "https://registry.npmjs.org/binaryen/-/binaryen-132.0.0.tgz",
			"integrity": "sha512-4Usg7yEvwO3FMso3Oov6qkOOHSod1IEv+boKkh77kTljM+eNBouqCTbqWswGzbG+vDNO/b/v2C4gfEh1WgB9Lg==",
			"dev": true,
			"license": "Apache-2.0",
			"optional": true,
			"bin": {
				"wasm-as": "bin/wasm-as",
				"wasm-ctor-eval": "bin/wasm-ctor-eval",
				"wasm-dis": "bin/wasm-dis",
				"wasm-merge": "bin/wasm-merge",
				"wasm-metadce": "bin/wasm-metadce",
				"wasm-opt": "bin/wasm-opt",
				"wasm-reduce": "bin/wasm-reduce",
				"wasm-shell": "bin/wasm-shell",
				"wasm2js": "bin/wasm2js"
			}
		},
		"node_modules/css-tree": {
			"version": "3.2.1",
			"resolved": "https://registry.npmjs.org/css-tree/-/css-tree-3.2.1.tgz",
			"integrity": "sha512-X7sjQzceUhu1u7Y/ylrRZFU2FS6LRiFVp6rKLPg23y3x3c3DOKAwuXGDp+PAGjh6CSnCjYeAul8pcT8bAl+lSA==",
			"dev": true,
			"license": "MIT",
			"dependencies": {
				"mdn-data": "2.27.1",
				"source-map-js": "^1.2.1"
			},
			"engines": {
				"node": "^10 || ^12.20.0 || ^14.13.0 || >=15.0.0"
			}
		},
		"node_modules/data-urls": {
			"version": "8.0.0",
			"resolved": "https://registry.npmjs.org/data-urls/-/data-urls-8.0.0.tgz",
			"integrity": "sha512-JQUCCK+/CAGbGGx618PlFZMXH81Jtj7t73CHv9dd/zVWvxgGT2zLFRjnKb+Ng46GIwcy+f7f88qd4duqllK+WQ==",
			"dev": true,
			"license": "MIT",
			"dependencies": {
				"whatwg-mimetype": "^5.0.0",
				"whatwg-url": "^17.1.2"
			},
			"engines": {
				"node": "^22.14.0 || >=24.0.0"
			}
		},
		"node_modules/decimal.js": {
			"version": "10.6.0",
			"resolved": "https://registry.npmjs.org/decimal.js/-/decimal.js-10.6.0.tgz",
			"integrity": "sha512-YpgQiITW3JXGntzdUmyUR1V812Hn8T1YVXhCu+wO3OpS4eU9l4YdD3qjyiKdV6mvV29zapkMeD390UVEf2lkUg==",
			"dev": true,
			"license": "MIT"
		},
		"node_modules/entities": {
			"version": "8.1.0",
			"resolved": "https://registry.npmjs.org/entities/-/entities-8.1.0.tgz",
			"integrity": "sha512-kxL7msIffSuh9aaFAMD7rxAIuTRMAHMeBtgHW2yUdWw732ZNh4MehkF2gdjvtdmikkaIP9bFDDJOPlsvm7avrA==",
			"dev": true,
			"license": "BSD-2-Clause",
			"engines": {
				"node": ">=20.19.0"
			},
			"funding": {
				"url": "https://github.com/fb55/entities?sponsor=1"
			}
		},
		"node_modules/fuse.js": {
			"version": "7.5.0",
			"resolved": "https://registry.npmjs.org/fuse.js/-/fuse.js-7.5.0.tgz",
			"integrity": "sha512-sQtrEfA+ez/3G0cCZecF70oqpCRttCexYUG4mUrtWL49ULUzUyxokt5kyqwtKzj1270RaKih+hcP3qLcumccow==",
			"license": "Apache-2.0",
			"engines": {
				"node": ">=10"
			},
			"funding": {
				"type": "github",
				"url": "https://github.com/sponsors/krisk"
			}
		},
		"node_modules/gofront": {
			"version": "1.6.0",
			"resolved": "https://registry.npmjs.org/gofront/-/gofront-1.6.0.tgz",
			"integrity": "sha512-iRU58UpxPLX/M9XNSPkfOn8GmulGaQxrfL0o8LghSA0hZSLjlICKwdRoRGR9sYvs75sw6l7zu9gsIXbHo3XNgA==",
			"dev": true,
			"license": "MIT",
			"bin": {
				"gofront": "src/index.js"
			},
			"engines": {
				"node": ">=20"
			},
			"optionalDependencies": {
				"binaryen": "^132.0.0"
			}
		},
		"node_modules/html-encoding-sniffer": {
			"version": "7.0.0",
			"resolved": "https://registry.npmjs.org/html-encoding-sniffer/-/html-encoding-sniffer-7.0.0.tgz",
			"integrity": "sha512-UikN5yr7xsCDAq87Or5or0PAlD3HJJOKVzM05az588WnpDJ4Ux7a2A53Qi6gofGg2/EtvF/H4hCi/TXfCW4Y6w==",
			"dev": true,
			"license": "MIT",
			"dependencies": {
				"@exodus/bytes": "^1.15.1"
			},
			"engines": {
				"node": "^22.13.0 || >=24.0.0"
			}
		},
		"node_modules/is-potential-custom-element-name": {
			"version": "1.0.1",
			"resolved": "https://registry.npmjs.org/is-potential-custom-element-name/-/is-potential-custom-element-name-1.0.1.tgz",
			"integrity": "sha512-bCYeRA2rVibKZd+s2625gGnGF/t7DSqDs4dP7CrLA1m7jKWz6pps0LpYLJN8Q64HtmPKJ1hrN3nzPNKFEKOUiQ==",
			"dev": true,
			"license": "MIT"
		},
		"node_modules/jsdom": {
			"version": "30.1.2",
			"resolved": "https://registry.npmjs.org/jsdom/-/jsdom-30.1.2.tgz",
			"integrity": "sha512-0FFE/jE1rppmVfUrJUgxqXjcwolZYIGtAgj1pTussMhNZxIxi7W/PvfWaMNroGi2B36X1IKHbexpZ9DhkoOPiQ==",
			"dev": true,
			"license": "MIT",
			"dependencies": {
				"@asamuzakjp/css-color": "^7.1.3",
				"@asamuzakjp/dom-selector": "^9.2.4",
				"@bramus/specificity": "^2.4.2",
				"@csstools/css-syntax-patches-for-csstree": "^1.1.15",
				"@exodus/bytes": "^1.16.0",
				"css-tree": "^3.2.1",
				"data-urls": "^8.0.0",
				"decimal.js": "^10.6.0",
				"html-encoding-sniffer": "^7.0.0",
				"is-potential-custom-element-name": "^1.0.1",
				"lru-cache": "^11.5.3",
				"parse5": "^8.0.1",
				"saxes": "^6.0.0",
				"tough-cookie": "^6.0.2",
				"undici": "^8.11.2",
				"w3c-xmlserializer": "^6.0.0",
				"webidl-conversions": "^8.0.1",
				"whatwg-mimetype": "^5.0.0",
				"whatwg-url": "^17.2.0",
				"xml-name-validator": "^5.0.0"
			},
			"engines": {
				"node": "^22.22.2 || ^24.15.0 || >=26.0.0"
			},
			"peerDependencies": {
				"canvas": "^3.2.3"
			},
			"peerDependenciesMeta": {
				"canvas": {
					"optional": true
				}
			}
		},
		"node_modules/lefthook": {
			"version": "2.2.1",
			"resolved": "https://registry.npmjs.org/lefthook/-/lefthook-2.2.1.tgz",
			"integrity": "sha512-aKEwhQzGbLMkZu5vrFYKJzLvLVblWATYITmN7Ak4qRCDPCoFJhmeJZFuYf3nTXuqG9xTBE+J8xaAEPL2tpuWyw==",
			"dev": true,
			"hasInstallScript": true,
			"license": "MIT",
			"bin": {
				"lefthook": "bin/index.js"
			},
			"optionalDependencies": {
				"lefthook-darwin-arm64": "2.2.1",
				"lefthook-darwin-x64": "2.2.1",
				"lefthook-freebsd-arm64": "2.2.1",
				"lefthook-freebsd-x64": "2.2.1",
				"lefthook-linux-arm64": "2.2.1",
				"lefthook-linux-x64": "2.2.1",
				"lefthook-openbsd-arm64": "2.2.1",
				"lefthook-openbsd-x64": "2.2.1",
				"lefthook-windows-arm64": "2.2.1",
				"lefthook-windows-x64": "2.2.1"
			}
		},
		"node_modules/lefthook-darwin-arm64": {
			"version": "2.2.1",
			"resolved": "https://registry.npmjs.org/lefthook-darwin-arm64/-/lefthook-darwin-arm64-2.2.1.tgz",
			"integrity": "sha512-SyuDBT5HqNQfi607vMHrYJu45bRN7JoIFdyxLjEPVe34UnZJCesmeYBODEYTyCfRZjPOaTbton4Padu+qvqfCQ==",
			"cpu": [
				"arm64"
			],
			"dev": true,
			"license": "MIT",
			"optional": true,
			"os": [
				"darwin"
			]
		},
		"node_modules/lefthook-darwin-x64": {
			"version": "2.2.1",
			"resolved": "https://registry.npmjs.org/lefthook-darwin-x64/-/lefthook-darwin-x64-2.2.1.tgz",
			"integrity": "sha512-qkIdM89T3OxpLp9rssPSdRQ7QKkX0l07xWxxOaZfECn5iB2xVXSD9FQSjYUMNGXtJJWOGqdKqBngGTB/ShDZtQ==",
			"cpu": [
				"x64"
			],
			"dev": true,
			"license": "MIT",
			"optional": true,
			"os": [
				"darwin"
			]
		},
		"node_modules/lefthook-freebsd-arm64": {
			"version": "2.2.1",
			"resolved": "https://registry.npmjs.org/lefthook-freebsd-arm64/-/lefthook-freebsd-arm64-2.2.1.tgz",
			"integrity": "sha512-0jdr/9Q5cGuazrEVquv29AOD77aPc2jAmFU4EtqVVg3PhMJjAyt7bQeA9qdwHhaHhLnaeUZwMwo3IleVm+D4wg==",
			"cpu": [
				"arm64"
			],
			"dev": true,
			"license": "MIT",
			"optional": true,
			"os": [
				"freebsd"
			]
		},
		"node_modules/lefthook-freebsd-x64": {
			"version": "2.2.1",
			"resolved": "https://registry.npmjs.org/lefthook-freebsd-x64/-/lefthook-freebsd-x64-2.2.1.tgz",
			"integrity": "sha512-JFKyNZ9qQp9NsuFyAg/CJIBurIHX3AUayFXxuoDMATWAIhhlyK0YMtpWgEFIl1M2iGLBLQ3TiLoCCRnbwndNDg==",
			"cpu": [
				"x64"
			],
			"dev": true,
			"license": "MIT",
			"optional": true,
			"os": [
				"freebsd"
			]
		},
		"node_modules/lefthook-linux-arm64": {
			"version": "2.2.1",
			"resolved": "https://registry.npmjs.org/lefthook-linux-arm64/-/lefthook-linux-arm64-2.2.1.tgz",
			"integrity": "sha512-na8Ezm7pK44+WsQqj9tES7v8VseM1MrNeNJhUnM8eINV22KYptWam8evfjZxY3NYxOTwn6f/Zpe/BBvcLKMaTQ==",
			"cpu": [
				"arm64"
			],
			"dev": true,
			"license": "MIT",
			"optional": true,
			"os": [
				"linux"
			]
		},
		"node_modules/lefthook-linux-x64": {
			"version": "2.2.1",
			"resolved": "https://registry.npmjs.org/lefthook-linux-x64/-/lefthook-linux-x64-2.2.1.tgz",
			"integrity": "sha512-wl7CR5uNkOiZ38SkW4l9O6wf/Nllbkw90ZZonXRFkbgrnPjLMhZGUt9ucewsPwBQ/ckU1t08JuBHeOywB/CFow==",
			"cpu": [
				"x64"
			],
			"dev": true,
			"license": "MIT",
			"optional": true,
			"os": [
				"linux"
			]
		},
		"node_modules/lefthook-openbsd-arm64": {
			"version": "2.2.1",
			"resolved": "https://registry.npmjs.org/lefthook-openbsd-arm64/-/lefthook-openbsd-arm64-2.2.1.tgz",
			"integrity": "sha512-UFwL+AGSqkhQ15kuKl5FMRx/UqbcfcQbGFg5ggYzhT7qBOsTu3a9POXRxt3hsalBeMgkDWsv3IaPlj51YGpCAg==",
			"cpu": [
				"arm64"
			],
			"dev": true,
			"license": "MIT",
			"optional": true,
			"os": [
				"openbsd"
			]
		},
		"node_modules/lefthook-openbsd-x64": {
			"version": "2.2.1",
			"resolved": "https://registry.npmjs.org/lefthook-openbsd-x64/-/lefthook-openbsd-x64-2.2.1.tgz",
			"integrity": "sha512-IMKEuxJLo91C1yjhJ42EadfXUb3ECMkvTKpSt17kwaiyZsvvZ8LGdrXwQZiLNJt2M5ECuTVCQUvDimM6mGraOw==",
			"cpu": [
				"x64"
			],
			"dev": true,
			"license": "MIT",
			"optional": true,
			"os": [
				"openbsd"
			]
		},
		"node_modules/lefthook-windows-arm64": {
			"version": "2.2.1",
			"resolved": "https://registry.npmjs.org/lefthook-windows-arm64/-/lefthook-windows-arm64-2.2.1.tgz",
			"integrity": "sha512-Pi8vOvObjg8HJDl8d96s7jsI6TN33klpqv6tXSXpoKEeoAwEh5Y9NawO6bzoOpLfAxf2SfMBcuaBzFQ5zE2gjA==",
			"cpu": [
				"arm64"
			],
			"dev": true,
			"license": "MIT",
			"optional": true,
			"os": [
				"win32"
			]
		},
		"node_modules/lefthook-windows-x64": {
			"version": "2.2.1",
			"resolved": "https://registry.npmjs.org/lefthook-windows-x64/-/lefthook-windows-x64-2.2.1.tgz",
			"integrity": "sha512-7FtuPrc1XzxIFLAbzneOF1hr9r/vGi2lcMpX14QG9d/mnLhwu4EyNBh48JNEqsQqrOB9QKavsNqxVl1e8zcukA==",
			"cpu": [
				"x64"
			],
			"dev": true,
			"license": "MIT",
			"optional": true,
			"os": [
				"win32"
			]
		},
		"node_modules/lru-cache": {
			"version": "11.5.3",
			"resolved": "https://registry.npmjs.org/lru-cache/-/lru-cache-11.5.3.tgz",
			"integrity": "sha512-U4N8FgzmWxc8k1VH8Kr6lQg18U7Fjvby6wXHVRX/ZZ7IwWbRMgrRbP0Wrb5q5NVinryp4SQampHKdvtecItxUg==",
			"dev": true,
			"license": "BlueOak-1.0.0",
			"engines": {
				"node": "20 || >=22"
			}
		},
		"node_modules/marked": {
			"version": "18.1.0",
			"resolved": "https://registry.npmjs.org/marked/-/marked-18.1.0.tgz",
			"integrity": "sha512-PamYXWWWg2nboG3oX5Ffzpy3EFZROqZJK9hSlMmUnekp7TxPs5DcT95vwd46m73/exfKCRVMtgXoPMI4FEJL6w==",
			"license": "MIT",
			"bin": {
				"marked": "bin/marked.js"
			},
			"engines": {
				"node": ">= 20"
			}
		},
		"node_modules/mdn-data": {
			"version": "2.27.1",
			"resolved": "https://registry.npmjs.org/mdn-data/-/mdn-data-2.27.1.tgz",
			"integrity": "sha512-9Yubnt3e8A0OKwxYSXyhLymGW4sCufcLG6VdiDdUGVkPhpqLxlvP5vl1983gQjJl3tqbrM731mjaZaP68AgosQ==",
			"dev": true,
			"license": "CC0-1.0"
		},
		"node_modules/parse5": {
			"version": "8.0.1",
			"resolved": "https://registry.npmjs.org/parse5/-/parse5-8.0.1.tgz",
			"integrity": "sha512-z1e/HMG90obSGeidlli3hj7cbocou0/wa5HacvI3ASx34PecNjNQeaHNo5WIZpWofN9kgkqV1q5YvXe3F0FoPw==",
			"dev": true,
			"license": "MIT",
			"dependencies": {
				"entities": "^8.0.0"
			},
			"funding": {
				"url": "https://github.com/inikulin/parse5?sponsor=1"
			}
		},
		"node_modules/playwright": {
			"version": "1.64.0",
			"resolved": "https://registry.npmjs.org/playwright/-/playwright-1.64.0.tgz",
			"integrity": "sha512-kVzTnYFYEyQ9RGzBjNCd2+yEqWmVbxl3AHPynv3qQ6JTjv4a+kwRcnqQwIpuP3NnrnIrE/Q6wWAIAvMfIE2/Yg==",
			"dev": true,
			"license": "Apache-2.0",
			"dependencies": {
				"playwright-core": "1.64.0"
			},
			"bin": {
				"playwright": "cli.js"
			},
			"engines": {
				"node": ">=20"
			}
		},
		"node_modules/playwright-core": {
			"version": "1.64.0",
			"resolved": "https://registry.npmjs.org/playwright-core/-/playwright-core-1.64.0.tgz",
			"integrity": "sha512-T9r+MZkTECl2+oUcZ26YgZzTrYidTsIhYYkJix+6iDOymOb1FB2RLLSOxRGnZGv5DStt+aduIVbt+E8WygXYpg==",
			"dev": true,
			"license": "Apache-2.0",
			"bin": {
				"playwright-core": "cli.js"
			},
			"engines": {
				"node": ">=20"
			}
		},
		"node_modules/prismjs": {
			"version": "1.30.0",
			"resolved": "https://registry.npmjs.org/prismjs/-/prismjs-1.30.0.tgz",
			"integrity": "sha512-DEvV2ZF2r2/63V+tK8hQvrR2ZGn10srHbXviTlcv7Kpzw8jWiNTqbVgjO3IY8RxrrOUF8VPMQQFysYYYv0YZxw==",
			"license": "MIT",
			"engines": {
				"node": ">=6"
			}
		},
		"node_modules/punycode": {
			"version": "2.3.1",
			"resolved": "https://registry.npmjs.org/punycode/-/punycode-2.3.1.tgz",
			"integrity": "sha512-vYt7UD1U9Wg6138shLtLOvdAu+8DsC/ilFtEVHcH+wydcSpNE20AfSOduf6MkRFahL5FY7X1oU7nKVZFtfq8Fg==",
			"dev": true,
			"license": "MIT",
			"engines": {
				"node": ">=6"
			}
		},
		"node_modules/require-from-string": {
			"version": "2.0.2",
			"resolved": "https://registry.npmjs.org/require-from-string/-/require-from-string-2.0.2.tgz",
			"integrity": "sha512-Xf0nWe6RseziFMu+Ap9biiUbmplq6S9/p+7w7YXP/JBHhrUDDUhwa+vANyubuqfZWTveU//DYVGsDG7RKL/vEw==",
			"dev": true,
			"license": "MIT",
			"engines": {
				"node": ">=0.10.0"
			}
		},
		"node_modules/rolldown": {
			"version": "1.2.13",
			"resolved": "https://registry.npmjs.org/rolldown/-/rolldown-1.2.13.tgz",
			"integrity": "sha512-/5apOkwWxtACcQtZ5WlrAsKS4JwXVThQPJZ3RqIruRY9UG9M8e0VlXN068xum/JRKA4aIUoJ13ghe/kGCvidiQ==",
			"dev": true,
			"license": "MIT",
			"dependencies": {
				"@oxc-project/types": "=0.153.0",
				"@rolldown/pluginutils": "^1.0.0"
			},
			"bin": {
				"rolldown": "bin/cli.mjs"
			},
			"engines": {
				"node": "^20.19.0 || >=22.12.0"
			},
			"optionalDependencies": {
				"@rolldown/binding-android-arm-eabi": "1.2.13",
				"@rolldown/binding-android-arm64": "1.2.13",
				"@rolldown/binding-darwin-arm64": "1.2.13",
				"@rolldown/binding-darwin-x64": "1.2.13",
				"@rolldown/binding-freebsd-x64": "1.2.13",
				"@rolldown/binding-linux-arm-gnueabihf": "1.2.13",
				"@rolldown/binding-linux-arm64-gnu": "1.2.13",
				"@rolldown/binding-linux-arm64-musl": "1.2.13",
				"@rolldown/binding-linux-ppc64-gnu": "1.2.13",
				"@rolldown/binding-linux-s390x-gnu": "1.2.13",
				"@rolldown/binding-linux-x64-gnu": "1.2.13",
				"@rolldown/binding-linux-x64-musl": "1.2.13",
				"@rolldown/binding-openharmony-arm64": "1.2.13",
				"@rolldown/binding-win32-arm64-msvc": "1.2.13",
				"@rolldown/binding-win32-x64-msvc": "1.2.13"
			}
		},
		"node_modules/saxes": {
			"version": "6.0.0",
			"resolved": "https://registry.npmjs.org/saxes/-/saxes-6.0.0.tgz",
			"integrity": "sha512-xAg7SOnEhrm5zI3puOOKyy1OMcMlIJZYNJY7xLBwSze0UjhPLnWfj2GF2EpT0jmzaJKIWKHLsaSSajf35bcYnA==",
			"dev": true,
			"license": "ISC",
			"dependencies": {
				"xmlchars": "^2.2.0"
			},
			"engines": {
				"node": ">=v12.22.7"
			}
		},
		"node_modules/source-map-js": {
			"version": "1.2.2",
			"resolved": "https://registry.npmjs.org/source-map-js/-/source-map-js-1.2.2.tgz",
			"integrity": "sha512-KGj/8Y43x35aZVDtt+J4mK1hoLGHULMYfSkODJNQjNDC3oW1PqPoxMwo0pLUsWM/UEGzON/NxeHywEfNXNP3Vw==",
			"dev": true,
			"license": "BSD-3-Clause",
			"engines": {
				"node": ">=0.10.0"
			}
		},
		"node_modules/tldts": {
			"version": "7.4.18",
			"resolved": "https://registry.npmjs.org/tldts/-/tldts-7.4.18.tgz",
			"integrity": "sha512-somxA8xKAUzlAxl0TX/jMSYIbRNFIVGnI96pVGJPeMc5BsHmfVXn6mOJT6U++ELnl04eGfzpfcEuZe8WiASkXg==",
			"dev": true,
			"license": "MIT",
			"dependencies": {
				"tldts-core": "^7.4.18"
			},
			"bin": {
				"tldts": "bin/cli.js"
			}
		},
		"node_modules/tldts-core": {
			"version": "7.4.18",
			"resolved": "https://registry.npmjs.org/tldts-core/-/tldts-core-7.4.18.tgz",
			"integrity": "sha512-KI2PKvCmvQI/xD6ypPqkU0i7oxNXR/O58RLRaHR4svsgVUQ2JE/XC8BtMbG6PSehD27I8sZJRcC1ASnCy6lp3g==",
			"dev": true,
			"license": "MIT"
		},
		"node_modules/tough-cookie": {
			"version": "6.0.2",
			"resolved": "https://registry.npmjs.org/tough-cookie/-/tough-cookie-6.0.2.tgz",
			"integrity": "sha512-exgYmnmL/sJpR3upZfXG5PoatXQii55xAiXGXzY+sROLZ/Y+SLcp9PgJNI9Vz37HpQ74WvDcLT8eqm+kV3FzrA==",
			"dev": true,
			"license": "BSD-3-Clause",
			"dependencies": {
				"tldts": "^7.0.5"
			},
			"engines": {
				"node": ">=16"
			}
		},
		"node_modules/tr46": {
			"version": "7.0.0",
			"resolved": "https://registry.npmjs.org/tr46/-/tr46-7.0.0.tgz",
			"integrity": "sha512-BcDSDW+SIGWVOns1Zm6Yg91q9AEj7eaID0QDY9oIqJD1A8dscNwMcl9Sms2DeuWCNov1X0/oXanHGYQBSLwZsg==",
			"dev": true,
			"license": "MIT",
			"dependencies": {
				"punycode": "^2.3.1"
			},
			"engines": {
				"node": "^22.14.0 || >=24.0.0"
			}
		},
		"node_modules/undici": {
			"version": "8.11.2",
			"resolved": "https://registry.npmjs.org/undici/-/undici-8.11.2.tgz",
			"integrity": "sha512-u4UB2/IrKdU6lFxumHmmo1a3fCQO5tzQllRorfoRS63txhrB7xTpSn1PftwC4qEHkOaqP95fCWW4lJzwErwzhQ==",
			"dev": true,
			"license": "MIT",
			"engines": {
				"node": ">=22.19.0"
			}
		},
		"node_modules/w3c-xmlserializer": {
			"version": "6.0.0",
			"resolved": "https://registry.npmjs.org/w3c-xmlserializer/-/w3c-xmlserializer-6.0.0.tgz",
			"integrity": "sha512-4Nsy8K5Tr6SPDH9jhKJOHf7ChDrc1zufZTVSF7x72hwuEXBqxqk9G6cK+K2NRUtB3iELRJqjXb4JPDMBjMTl2Q==",
			"dev": true,
			"license": "MIT",
			"dependencies": {
				"xml-name-validator": "^5.0.0"
			},
			"engines": {
				"node": "^22.22.2 || ^24.15.0 || >=26.0.0"
			}
		},
		"node_modules/webidl-conversions": {
			"version": "8.0.1",
			"resolved": "https://registry.npmjs.org/webidl-conversions/-/webidl-conversions-8.0.1.tgz",
			"integrity": "sha512-BMhLD/Sw+GbJC21C/UgyaZX41nPt8bUTg+jWyDeg7e7YN4xOM05YPSIXceACnXVtqyEw/LMClUQMtMZ+PGGpqQ==",
			"dev": true,
			"license": "BSD-2-Clause",
			"engines": {
				"node": ">=20"
			}
		},
		"node_modules/whatwg-mimetype": {
			"version": "5.0.0",
			"resolved": "https://registry.npmjs.org/whatwg-mimetype/-/whatwg-mimetype-5.0.0.tgz",
			"integrity": "sha512-sXcNcHOC51uPGF0P/D4NVtrkjSU2fNsm9iog4ZvZJsL3rjoDAzXZhkm2MWt1y+PUdggKAYVoMAIYcs78wJ51Cw==",
			"dev": true,
			"license": "MIT",
			"engines": {
				"node": ">=20"
			}
		},
		"node_modules/whatwg-url": {
			"version": "17.2.0",
			"resolved": "https://registry.npmjs.org/whatwg-url/-/whatwg-url-17.2.0.tgz",
			"integrity": "sha512-IhLIHNcBrzIixC5XXsbr4DxdjajyA5vQ5RwGZMtrUp+GbtE5Nrsge9QKau7jXrC0aTXLYGV0xiW7Tb4YS2aomw==",
			"dev": true,
			"license": "MIT",
			"dependencies": {
				"@exodus/bytes": "^1.16.0",
				"tr46": "^7.0.0",
				"webidl-conversions": "^8.0.1"
			},
			"engines": {
				"node": "^22.14.0 || >=24.0.0"
			}
		},
		"node_modules/xml-name-validator": {
			"version": "5.0.0",
			"resolved": "https://registry.npmjs.org/xml-name-validator/-/xml-name-validator-5.0.0.tgz",
			"integrity": "sha512-EvGK8EJ3DhaHfbRlETOWAS5pO9MZITeauHKJyb8wyajUfQUenkIg2MvLDTZ4T/TgIcm3HU0TFBgWWboAZ30UHg==",
			"dev": true,
			"license": "Apache-2.0",
			"engines": {
				"node": ">=18"
			}
		},
		"node_modules/xmlchars": {
			"version": "2.2.0",
			"resolved": "https://registry.npmjs.org/xmlchars/-/xmlchars-2.2.0.tgz",
			"integrity": "sha512-JZnDKK8B0RCDw84FNdDAIpZK+JuJw+s7Lz8nksI7SIuU3UXJJslUthsi+uWBUYOwPFwW7W7PRLRfUKpxjtjFCw==",
			"dev": true,
			"license": "MIT"
		},
		"node_modules/yaml": {
			"version": "2.9.1",
			"resolved": "https://registry.npmjs.org/yaml/-/yaml-2.9.1.tgz",
			"integrity": "sha512-3NxN8+78OdzbT7C/WjGsyfPAtJaN3FNDsWxv7Y7mcDsT/oOmgW8BpyQQFFBnvZE3j9Y2Sdz1ULFLezL7Eb2yFw==",
			"dev": true,
			"license": "ISC",
			"bin": {
				"yaml": "bin.mjs"
			},
			"engines": {
				"node": ">= 14.6"
			},
			"funding": {
				"url": "https://github.com/sponsors/eemeli"
			}
		}
	}
}
